{
    "requires": true,
    "lockfileVersion": 1,
    "dependencies": {
        "@ionic-native/geolocation": {
            "version": "5.12.0",
            "resolved": "https://registry.npmjs.org/@ionic-native/geolocation/-/geolocation-5.12.0.tgz",
            "integrity": "sha512-S6iTAI+0yfqSf7UbP1GD1l/1dJLk/qmzcCFS5IjWcYoR7mxoBvX7rTwbx1Cf0aNr1erg374QUilsrSMn90L3qA==",
            "requires": {
                "@types/cordova": "^0.0.34"
            }
        },
        "@ionic/storage": {
            "version": "2.2.0",
            "resolved": "https://registry.npmjs.org/@ionic/storage/-/storage-2.2.0.tgz",
            "integrity": "sha512-2pszrzmI+fAar2Rx0WmJDVpc15D1k5tvLkB49NLYWJ2pOMaO/3/vp7mg/mEbg3rdsPE9FRbYI6vdKjQ2pP1EWA==",
            "requires": {
                "localforage": "1.7.1",
                "localforage-cordovasqlitedriver": "1.7.0",
                "tslib": "^1.7.1"
            }
        },
        "@types/cordova": {
            "version": "0.0.34",
            "resolved": "https://registry.npmjs.org/@types/cordova/-/cordova-0.0.34.tgz",
            "integrity": "sha1-6nrd907Ow9dimCegw54smt3HPQQ="
        },
        "immediate": {
            "version": "3.0.6",
            "resolved": "https://registry.npmjs.org/immediate/-/immediate-3.0.6.tgz",
            "integrity": "sha1-nbHb0Pr43m++D13V5Wu2BigN5ps="
        },
        "lie": {
            "version": "3.1.1",
            "resolved": "https://registry.npmjs.org/lie/-/lie-3.1.1.tgz",
            "integrity": "sha1-mkNrLMd0bKWd56QfpGmz77dr2H4=",
            "requires": {
                "immediate": "~3.0.5"
            }
        },
        "localforage": {
            "version": "1.7.1",
            "resolved": "https://registry.npmjs.org/localforage/-/localforage-1.7.1.tgz",
            "integrity": "sha1-5JJ+BCMCuGTbMPMhHxO1xvDell0=",
            "requires": {
                "lie": "3.1.1"
            }
        },
        "localforage-cordovasqlitedriver": {
            "version": "1.7.0",
            "resolved": "https://registry.npmjs.org/localforage-cordovasqlitedriver/-/localforage-cordovasqlitedriver-1.7.0.tgz",
            "integrity": "sha1-i5OVd1nuaI06WNW6fAR39sy1ODg=",
            "requires": {
                "localforage": ">=1.5.0"
            }
        },
        "tslib": {
            "version": "1.10.0",
            "resolved": "https://registry.npmjs.org/tslib/-/tslib-1.10.0.tgz",
            "integrity": "sha512-qOebF53frne81cf0S9B41ByenJ3/IuH8yJKngAX35CmiZySA0khhkovshKK+jGCaMnVomla7gVlIcc3EvKPbTQ=="
        }
    }
}
